<?xml version="1.0" encoding="utf-8"?>
<Project ToolsVersion="4.0" xmlns="http://schemas.microsoft.com/developer/msbuild/2003">
  <ItemGroup>
    <Filter Include="Source Files">
      <UniqueIdentifier>{4FC737F1-C7A5-4376-A066-2A32D752A2FF}</UniqueIdentifier>
      <Extensions>cpp;c;cc;cxx;def;odl;idl;hpj;bat;asm;asmx</Extensions>
    </Filter>
    <Filter Include="Header Files">
      <UniqueIdentifier>{93995380-89BD-4b04-88EB-625FBE52EBFB}</UniqueIdentifier>
      <Extensions>h;hh;hpp;hxx;hm;inl;inc;xsd</Extensions>
    </Filter>
    <Filter Include="Resource Files">
      <UniqueIdentifier>{67DA6AB6-F800-4c08-8B7A-83BB121AAD01}</UniqueIdentifier>
      <Extensions>rc;ico;cur;bmp;dlg;rc2;rct;bin;rgs;gif;jpg;jpeg;jpe;resx;tiff;tif;png;wav;mfcribbon-ms</Extensions>
    </Filter>
    <Filter Include="1 Analysis">
      <UniqueIdentifier>{c5b1a0d5-1e92-4309-ad57-4b312463dd91}</UniqueIdentifier>
    </Filter>
    <Filter Include="2 Analysis Principles">
      <UniqueIdentifier>{4d9b5302-0a35-4207-a8c0-424ff96e86a5}</UniqueIdentifier>
    </Filter>
  </ItemGroup>
  <ItemGroup>
    <ClCompile Include="main.cpp">
      <Filter>Source Files</Filter>
    </ClCompile>
    <ClCompile Include="Analysis.cpp">
      <Filter>1 Analysis</Filter>
    </ClCompile>
    <ClCompile Include="AnalysisPrinciples.cpp">
      <Filter>2 Analysis Principles</Filter>
    </ClCompile>
  </ItemGroup>
  <ItemGroup>
    <ClInclude Include="Analysis.h">
      <Filter>1 Analysis</Filter>
    </ClInclude>
    <ClInclude Include="AnalysisPrinciples.h">
      <Filter>2 Analysis Principles</Filter>
    </ClInclude>
  </ItemGroup>
</Project>