<?xml version="1.0" encoding="utf-8"?>
<Project ToolsVersion="4.0" xmlns="http://schemas.microsoft.com/developer/msbuild/2003">
  <ItemGroup>
    <Filter Include="Source Files">
      <UniqueIdentifier>{4FC737F1-C7A5-4376-A066-2A32D752A2FF}</UniqueIdentifier>
      <Extensions>cpp;c;cc;cxx;def;odl;idl;hpj;bat;asm;asmx</Extensions>
    </Filter>
    <Filter Include="Header Files">
      <UniqueIdentifier>{93995380-89BD-4b04-88EB-625FBE52EBFB}</UniqueIdentifier>
      <Extensions>h;hh;hpp;hxx;hm;inl;inc;xsd</Extensions>
    </Filter>
    <Filter Include="Resource Files">
      <UniqueIdentifier>{67DA6AB6-F800-4c08-8B7A-83BB121AAD01}</UniqueIdentifier>
      <Extensions>rc;ico;cur;bmp;dlg;rc2;rct;bin;rgs;gif;jpg;jpeg;jpe;resx;tiff;tif;png;wav;mfcribbon-ms</Extensions>
    </Filter>
    <Filter Include="1 Analysis">
      <UniqueIdentifier>{cfd1a209-326c-45a4-b60b-901019c294a0}</UniqueIdentifier>
    </Filter>
    <Filter Include="1 Analysis\1 Introduction">
      <UniqueIdentifier>{c5b1a0d5-1e92-4309-ad57-4b312463dd91}</UniqueIdentifier>
    </Filter>
    <Filter Include="1 Analysis\2 Analysis Principles">
      <UniqueIdentifier>{4d9b5302-0a35-4207-a8c0-424ff96e86a5}</UniqueIdentifier>
    </Filter>
    <Filter Include="2 Data Structures">
      <UniqueIdentifier>{c336da9a-15a9-4055-a1b1-2040cb6e608e}</UniqueIdentifier>
    </Filter>
    <Filter Include="2 Data Structures\3  Elementary Data Structures">
      <UniqueIdentifier>{c01652d5-3e92-404b-be44-c7f69b29260f}</UniqueIdentifier>
    </Filter>
    <Filter Include="2 Data Structures\4 Abstract Data Types">
      <UniqueIdentifier>{b0aec21d-06f4-4dea-93ef-11b96ec3f2ed}</UniqueIdentifier>
    </Filter>
    <Filter Include="2 Data Structures\5 Recursion And Trees">
      <UniqueIdentifier>{d41d5179-f355-48e6-b67a-454f18709d17}</UniqueIdentifier>
    </Filter>
    <Filter Include="3 Sorting">
      <UniqueIdentifier>{0ce32528-06cd-468d-ae37-6d8a32d24b1d}</UniqueIdentifier>
    </Filter>
    <Filter Include="3 Sorting\6 Elementary sorting methods">
      <UniqueIdentifier>{9779c3aa-dedf-4832-88f9-408a35bd68ba}</UniqueIdentifier>
    </Filter>
    <Filter Include="3 Sorting\7 Quick Sort">
      <UniqueIdentifier>{407631d1-21a6-44b1-834e-4235788efb5c}</UniqueIdentifier>
    </Filter>
  </ItemGroup>
  <ItemGroup>
    <ClCompile Include="main.cpp">
      <Filter>Source Files</Filter>
    </ClCompile>
    <ClCompile Include="AnalysisPrinciples.cpp">
      <Filter>1 Analysis\2 Analysis Principles</Filter>
    </ClCompile>
    <ClCompile Include="Introduction.cpp">
      <Filter>1 Analysis\1 Introduction</Filter>
    </ClCompile>
    <ClCompile Include="Analysis.cpp">
      <Filter>1 Analysis</Filter>
    </ClCompile>
    <ClCompile Include="DataStructures.cpp">
      <Filter>2 Data Structures</Filter>
    </ClCompile>
    <ClCompile Include="ElementaryDataStructures.cpp">
      <Filter>2 Data Structures\3  Elementary Data Structures</Filter>
    </ClCompile>
    <ClCompile Include="AbstractDataTypes.cpp">
      <Filter>2 Data Structures\4 Abstract Data Types</Filter>
    </ClCompile>
    <ClCompile Include="List1.cpp">
      <Filter>2 Data Structures\3  Elementary Data Structures</Filter>
    </ClCompile>
    <ClCompile Include="Point.cpp">
      <Filter>2 Data Structures\4 Abstract Data Types</Filter>
    </ClCompile>
    <ClCompile Include="Stack.cpp">
      <Filter>2 Data Structures\4 Abstract Data Types</Filter>
    </ClCompile>
    <ClCompile Include="UnionFind.cpp">
      <Filter>2 Data Structures\4 Abstract Data Types</Filter>
    </ClCompile>
    <ClCompile Include="Queue.cpp">
      <Filter>2 Data Structures\4 Abstract Data Types</Filter>
    </ClCompile>
    <ClCompile Include="Complex.cpp">
      <Filter>2 Data Structures\4 Abstract Data Types</Filter>
    </ClCompile>
    <ClCompile Include="Polynom.cpp">
      <Filter>2 Data Structures\4 Abstract Data Types</Filter>
    </ClCompile>
    <ClCompile Include="RecursionAndTrees.cpp">
      <Filter>2 Data Structures\5 Recursion And Trees</Filter>
    </ClCompile>
    <ClCompile Include="Tree.cpp">
      <Filter>2 Data Structures\5 Recursion And Trees</Filter>
    </ClCompile>
    <ClCompile Include="Sorting.cpp">
      <Filter>3 Sorting</Filter>
    </ClCompile>
    <ClCompile Include="ElementarySortingMethods.cpp">
      <Filter>3 Sorting\6 Elementary sorting methods</Filter>
    </ClCompile>
    <ClCompile Include="Item.cpp">
      <Filter>3 Sorting\6 Elementary sorting methods</Filter>
    </ClCompile>
    <ClCompile Include="Array.cpp">
      <Filter>3 Sorting\6 Elementary sorting methods</Filter>
    </ClCompile>
    <ClCompile Include="SortList.cpp">
      <Filter>3 Sorting\6 Elementary sorting methods</Filter>
    </ClCompile>
    <ClCompile Include="QuickSort.cpp">
      <Filter>3 Sorting\7 Quick Sort</Filter>
    </ClCompile>
  </ItemGroup>
  <ItemGroup>
    <ClInclude Include="AnalysisPrinciples.h">
      <Filter>1 Analysis\2 Analysis Principles</Filter>
    </ClInclude>
    <ClInclude Include="Introduction.h">
      <Filter>1 Analysis\1 Introduction</Filter>
    </ClInclude>
    <ClInclude Include="Analysis.h">
      <Filter>1 Analysis</Filter>
    </ClInclude>
    <ClInclude Include="DataStructures.h">
      <Filter>2 Data Structures</Filter>
    </ClInclude>
    <ClInclude Include="ElementaryDataStructures.h">
      <Filter>2 Data Structures\3  Elementary Data Structures</Filter>
    </ClInclude>
    <ClInclude Include="AbstractDataTypes.h">
      <Filter>2 Data Structures\4 Abstract Data Types</Filter>
    </ClInclude>
    <ClInclude Include="List1.h">
      <Filter>2 Data Structures\3  Elementary Data Structures</Filter>
    </ClInclude>
    <ClInclude Include="Point.h">
      <Filter>2 Data Structures\4 Abstract Data Types</Filter>
    </ClInclude>
    <ClInclude Include="Stack.h">
      <Filter>2 Data Structures\4 Abstract Data Types</Filter>
    </ClInclude>
    <ClInclude Include="UnionFind.h">
      <Filter>2 Data Structures\4 Abstract Data Types</Filter>
    </ClInclude>
    <ClInclude Include="Queue.h">
      <Filter>2 Data Structures\4 Abstract Data Types</Filter>
    </ClInclude>
    <ClInclude Include="Complex.h">
      <Filter>2 Data Structures\4 Abstract Data Types</Filter>
    </ClInclude>
    <ClInclude Include="Polynom.h">
      <Filter>2 Data Structures\4 Abstract Data Types</Filter>
    </ClInclude>
    <ClInclude Include="RecursionAndTrees.h">
      <Filter>2 Data Structures\5 Recursion And Trees</Filter>
    </ClInclude>
    <ClInclude Include="Tree.h">
      <Filter>2 Data Structures\5 Recursion And Trees</Filter>
    </ClInclude>
    <ClInclude Include="Sorting.h">
      <Filter>3 Sorting</Filter>
    </ClInclude>
    <ClInclude Include="ElementarySortingMethods.h">
      <Filter>3 Sorting\6 Elementary sorting methods</Filter>
    </ClInclude>
    <ClInclude Include="Item.h">
      <Filter>3 Sorting\6 Elementary sorting methods</Filter>
    </ClInclude>
    <ClInclude Include="Array.h">
      <Filter>3 Sorting\6 Elementary sorting methods</Filter>
    </ClInclude>
    <ClInclude Include="SortList.h">
      <Filter>3 Sorting\6 Elementary sorting methods</Filter>
    </ClInclude>
    <ClInclude Include="QuickSort.h">
      <Filter>3 Sorting\7 Quick Sort</Filter>
    </ClInclude>
  </ItemGroup>
</Project>